
Microsoft Visual Studio Solution File, Format Version 12.00
# Visual Studio Version 17
VisualStudioVersion = 17.14.36310.24 d17.14
MinimumVisualStudioVersion = 10.0.40219.1
Project("{FAE04EC0-301F-11D3-BF4B-00C04F79EFBC}") = "WpfTrainingApp", "WpfTrainingApp\WpfTrainingApp.csproj", "{91C2C652-1825-49F6-959D-58888BA7C2B5}"
EndProject
Global
	GlobalSection(SolutionConfigurationPlatforms) = preSolution
		Debug|Any CPU = Debug|Any CPU
		Release|Any CPU = Release|Any CPU
	EndGlobalSection
	GlobalSection(ProjectConfigurationPlatforms) = postSolution
		{91C2C652-1825-49F6-959D-58888BA7C2B5}.Debug|Any CPU.ActiveCfg = Debug|Any CPU
		{91C2C652-1825-49F6-959D-58888BA7C2B5}.Debug|Any CPU.Build.0 = Debug|Any CPU
		{91C2C652-1825-49F6-959D-58888BA7C2B5}.Release|Any CPU.ActiveCfg = Release|Any CPU
		{91C2C652-1825-49F6-959D-58888BA7C2B5}.Release|Any CPU.Build.0 = Release|Any CPU
	EndGlobalSection
	GlobalSection(SolutionProperties) = preSolution
		HideSolutionNode = FALSE
	EndGlobalSection
	GlobalSection(ExtensibilityGlobals) = postSolution
		SolutionGuid = {FD227BCF-14F3-4842-848C-E8C49CF18085}
	EndGlobalSection
EndGlobal
